
Microsoft Visual Studio Solution File, Format Version 12.00
# Visual Studio Version 17
VisualStudioVersion = 17.12.35527.113 d17.12
MinimumVisualStudioVersion = 10.0.40219.1
Project("{2150E333-8FDC-42A3-9474-1A3956D46DE8}") = "src", "src", "{5868E1EB-89CD-4D14-B8AA-7EDDF736E6EF}"
EndProject
Project("{2150E333-8FDC-42A3-9474-1A3956D46DE8}") = "0.Framework", "0.Framework", "{D7D54EE6-E3CA-4EB8-9B9C-1DE3B69C66E9}"
EndProject
Project("{2150E333-8FDC-42A3-9474-1A3956D46DE8}") = "01-Domain", "01-Domain", "{F2C8B7C3-BBA0-4BD0-B7B1-CD7DEF5CE219}"
EndProject
Project("{2150E333-8FDC-42A3-9474-1A3956D46DE8}") = "02-Infrastructures", "02-Infrastructures", "{DCDE593C-EE6B-42B8-8E9C-48A3A70C5264}"
EndProject
Project("{2150E333-8FDC-42A3-9474-1A3956D46DE8}") = "03-EndPoints", "03-EndPoints", "{C67A4A83-0B5B-49F1-A145-DE37E51C96CE}"
EndProject
Project("{FAE04EC0-301F-11D3-BF4B-00C04F79EFBC}") = "Framework", "src\0.Framework\Framework\Framework.csproj", "{74341325-4294-43C1-BA34-64A901E60832}"
EndProject
Project("{2150E333-8FDC-42A3-9474-1A3956D46DE8}") = "Core", "Core", "{03DEE9B4-8E49-451D-B0D5-B71860F34A6A}"
EndProject
Project("{2150E333-8FDC-42A3-9474-1A3956D46DE8}") = "Services", "Services", "{6AC26481-2694-4C13-B442-B4FB10238D73}"
EndProject
Project("{2150E333-8FDC-42A3-9474-1A3956D46DE8}") = "DataAccess", "DataAccess", "{67129507-4C5F-4C1D-B54D-7C7C72A70791}"
EndProject
Project("{2150E333-8FDC-42A3-9474-1A3956D46DE8}") = "Db", "Db", "{08FA8C17-68CE-4D89-A244-A8B746B2BFD3}"
EndProject
Project("{FAE04EC0-301F-11D3-BF4B-00C04F79EFBC}") = "SunService.Domain.Core", "src\01-Domain\Core\SunService.Domain.Core\SunService.Domain.Core.csproj", "{BF4DB048-2775-44EF-A749-52831ECB6020}"
EndProject
Project("{FAE04EC0-301F-11D3-BF4B-00C04F79EFBC}") = "SunService.Domain.AppServices", "src\01-Domain\Services\SunService.Domain.AppServices\SunService.Domain.AppServices.csproj", "{F1D6075D-5172-4262-BB95-5C2E2CF2E79B}"
EndProject
Project("{FAE04EC0-301F-11D3-BF4B-00C04F79EFBC}") = "SunService.Domain.Services", "src\01-Domain\Services\SunService.Domain.Services\SunService.Domain.Services.csproj", "{2D0E47DB-DC50-4900-B6DD-42CBE3F6E1B4}"
EndProject
Project("{FAE04EC0-301F-11D3-BF4B-00C04F79EFBC}") = "SunService.Infra.Data.Repos.Ef", "src\02-Infrastructures\DataAccess\SunService.Infra.Data.Repos.Ef\SunService.Infra.Data.Repos.Ef.csproj", "{FAAA669C-ED0C-4CA5-BA67-B782AA5DD037}"
EndProject
Project("{FAE04EC0-301F-11D3-BF4B-00C04F79EFBC}") = "SunService.Infra.Data.Db.SqlServer.Ef", "src\02-Infrastructures\Db\SunService.Infra.Data.Db.SqlServer.Ef\SunService.Infra.Data.Db.SqlServer.Ef.csproj", "{ADBDAE5B-6528-4442-8561-2B377B1D8406}"
EndProject
Project("{FAE04EC0-301F-11D3-BF4B-00C04F79EFBC}") = "SunService.EndPoints.Mvc.Task", "src\03-EndPoints\SunService.EndPoints.Mvc.Task\SunService.EndPoints.Mvc.Task.csproj", "{F2E1D73C-459F-42AD-B1E6-834FAD48890F}"
EndProject
Global
	GlobalSection(SolutionConfigurationPlatforms) = preSolution
		Debug|Any CPU = Debug|Any CPU
		Release|Any CPU = Release|Any CPU
	EndGlobalSection
	GlobalSection(ProjectConfigurationPlatforms) = postSolution
		{74341325-4294-43C1-BA34-64A901E60832}.Debug|Any CPU.ActiveCfg = Debug|Any CPU
		{74341325-4294-43C1-BA34-64A901E60832}.Debug|Any CPU.Build.0 = Debug|Any CPU
		{74341325-4294-43C1-BA34-64A901E60832}.Release|Any CPU.ActiveCfg = Release|Any CPU
		{74341325-4294-43C1-BA34-64A901E60832}.Release|Any CPU.Build.0 = Release|Any CPU
		{BF4DB048-2775-44EF-A749-52831ECB6020}.Debug|Any CPU.ActiveCfg = Debug|Any CPU
		{BF4DB048-2775-44EF-A749-52831ECB6020}.Debug|Any CPU.Build.0 = Debug|Any CPU
		{BF4DB048-2775-44EF-A749-52831ECB6020}.Release|Any CPU.ActiveCfg = Release|Any CPU
		{BF4DB048-2775-44EF-A749-52831ECB6020}.Release|Any CPU.Build.0 = Release|Any CPU
		{F1D6075D-5172-4262-BB95-5C2E2CF2E79B}.Debug|Any CPU.ActiveCfg = Debug|Any CPU
		{F1D6075D-5172-4262-BB95-5C2E2CF2E79B}.Debug|Any CPU.Build.0 = Debug|Any CPU
		{F1D6075D-5172-4262-BB95-5C2E2CF2E79B}.Release|Any CPU.ActiveCfg = Release|Any CPU
		{F1D6075D-5172-4262-BB95-5C2E2CF2E79B}.Release|Any CPU.Build.0 = Release|Any CPU
		{2D0E47DB-DC50-4900-B6DD-42CBE3F6E1B4}.Debug|Any CPU.ActiveCfg = Debug|Any CPU
		{2D0E47DB-DC50-4900-B6DD-42CBE3F6E1B4}.Debug|Any CPU.Build.0 = Debug|Any CPU
		{2D0E47DB-DC50-4900-B6DD-42CBE3F6E1B4}.Release|Any CPU.ActiveCfg = Release|Any CPU
		{2D0E47DB-DC50-4900-B6DD-42CBE3F6E1B4}.Release|Any CPU.Build.0 = Release|Any CPU
		{FAAA669C-ED0C-4CA5-BA67-B782AA5DD037}.Debug|Any CPU.ActiveCfg = Debug|Any CPU
		{FAAA669C-ED0C-4CA5-BA67-B782AA5DD037}.Debug|Any CPU.Build.0 = Debug|Any CPU
		{FAAA669C-ED0C-4CA5-BA67-B782AA5DD037}.Release|Any CPU.ActiveCfg = Release|Any CPU
		{FAAA669C-ED0C-4CA5-BA67-B782AA5DD037}.Release|Any CPU.Build.0 = Release|Any CPU
		{ADBDAE5B-6528-4442-8561-2B377B1D8406}.Debug|Any CPU.ActiveCfg = Debug|Any CPU
		{ADBDAE5B-6528-4442-8561-2B377B1D8406}.Debug|Any CPU.Build.0 = Debug|Any CPU
		{ADBDAE5B-6528-4442-8561-2B377B1D8406}.Release|Any CPU.ActiveCfg = Release|Any CPU
		{ADBDAE5B-6528-4442-8561-2B377B1D8406}.Release|Any CPU.Build.0 = Release|Any CPU
		{F2E1D73C-459F-42AD-B1E6-834FAD48890F}.Debug|Any CPU.ActiveCfg = Debug|Any CPU
		{F2E1D73C-459F-42AD-B1E6-834FAD48890F}.Debug|Any CPU.Build.0 = Debug|Any CPU
		{F2E1D73C-459F-42AD-B1E6-834FAD48890F}.Release|Any CPU.ActiveCfg = Release|Any CPU
		{F2E1D73C-459F-42AD-B1E6-834FAD48890F}.Release|Any CPU.Build.0 = Release|Any CPU
	EndGlobalSection
	GlobalSection(SolutionProperties) = preSolution
		HideSolutionNode = FALSE
	EndGlobalSection
	GlobalSection(NestedProjects) = preSolution
		{D7D54EE6-E3CA-4EB8-9B9C-1DE3B69C66E9} = {5868E1EB-89CD-4D14-B8AA-7EDDF736E6EF}
		{F2C8B7C3-BBA0-4BD0-B7B1-CD7DEF5CE219} = {5868E1EB-89CD-4D14-B8AA-7EDDF736E6EF}
		{DCDE593C-EE6B-42B8-8E9C-48A3A70C5264} = {5868E1EB-89CD-4D14-B8AA-7EDDF736E6EF}
		{C67A4A83-0B5B-49F1-A145-DE37E51C96CE} = {5868E1EB-89CD-4D14-B8AA-7EDDF736E6EF}
		{74341325-4294-43C1-BA34-64A901E60832} = {D7D54EE6-E3CA-4EB8-9B9C-1DE3B69C66E9}
		{03DEE9B4-8E49-451D-B0D5-B71860F34A6A} = {F2C8B7C3-BBA0-4BD0-B7B1-CD7DEF5CE219}
		{6AC26481-2694-4C13-B442-B4FB10238D73} = {F2C8B7C3-BBA0-4BD0-B7B1-CD7DEF5CE219}
		{67129507-4C5F-4C1D-B54D-7C7C72A70791} = {DCDE593C-EE6B-42B8-8E9C-48A3A70C5264}
		{08FA8C17-68CE-4D89-A244-A8B746B2BFD3} = {DCDE593C-EE6B-42B8-8E9C-48A3A70C5264}
		{BF4DB048-2775-44EF-A749-52831ECB6020} = {03DEE9B4-8E49-451D-B0D5-B71860F34A6A}
		{F1D6075D-5172-4262-BB95-5C2E2CF2E79B} = {6AC26481-2694-4C13-B442-B4FB10238D73}
		{2D0E47DB-DC50-4900-B6DD-42CBE3F6E1B4} = {6AC26481-2694-4C13-B442-B4FB10238D73}
		{FAAA669C-ED0C-4CA5-BA67-B782AA5DD037} = {67129507-4C5F-4C1D-B54D-7C7C72A70791}
		{ADBDAE5B-6528-4442-8561-2B377B1D8406} = {08FA8C17-68CE-4D89-A244-A8B746B2BFD3}
		{F2E1D73C-459F-42AD-B1E6-834FAD48890F} = {C67A4A83-0B5B-49F1-A145-DE37E51C96CE}
	EndGlobalSection
EndGlobal
